
Microsoft Visual Studio Solution File, Format Version 12.00
# Visual Studio Version 16
VisualStudioVersion = 16.0.30428.66
MinimumVisualStudioVersion = 10.0.40219.1
Project("{FAE04EC0-301F-11D3-BF4B-00C04F79EFBC}") = "BlazorUI", "BlazorUI\BlazorUI.csproj", "{A0DD419E-203F-4B39-80CF-32FC512E71F0}"
EndProject
Project("{FAE04EC0-301F-11D3-BF4B-00C04F79EFBC}") = "WebAPI", "WebAPI\WebAPI.csproj", "{22F4790F-EEA0-4D33-A9A5-0F0256851DF8}"
EndProject
Global
	GlobalSection(SolutionConfigurationPlatforms) = preSolution
		Debug|Any CPU = Debug|Any CPU
		Release|Any CPU = Release|Any CPU
	EndGlobalSection
	GlobalSection(ProjectConfigurationPlatforms) = postSolution
		{A0DD419E-203F-4B39-80CF-32FC512E71F0}.Debug|Any CPU.ActiveCfg = Debug|Any CPU
		{A0DD419E-203F-4B39-80CF-32FC512E71F0}.Debug|Any CPU.Build.0 = Debug|Any CPU
		{A0DD419E-203F-4B39-80CF-32FC512E71F0}.Release|Any CPU.ActiveCfg = Release|Any CPU
		{A0DD419E-203F-4B39-80CF-32FC512E71F0}.Release|Any CPU.Build.0 = Release|Any CPU
		{22F4790F-EEA0-4D33-A9A5-0F0256851DF8}.Debug|Any CPU.ActiveCfg = Debug|Any CPU
		{22F4790F-EEA0-4D33-A9A5-0F0256851DF8}.Debug|Any CPU.Build.0 = Debug|Any CPU
		{22F4790F-EEA0-4D33-A9A5-0F0256851DF8}.Release|Any CPU.ActiveCfg = Release|Any CPU
		{22F4790F-EEA0-4D33-A9A5-0F0256851DF8}.Release|Any CPU.Build.0 = Release|Any CPU
	EndGlobalSection
	GlobalSection(SolutionProperties) = preSolution
		HideSolutionNode = FALSE
	EndGlobalSection
	GlobalSection(ExtensibilityGlobals) = postSolution
		SolutionGuid = {DD7B0728-D134-4356-B29F-6894572D736D}
	EndGlobalSection
EndGlobal
