
Microsoft Visual Studio Solution File, Format Version 12.00
# Visual Studio Version 16
VisualStudioVersion = 16.0.30428.66
MinimumVisualStudioVersion = 10.0.40219.1
Project("{9A19103F-16F7-4668-BE54-9A1E7A4F7556}") = "BlazorUI", "BlazorUI\BlazorUI.csproj", "{A0DD419E-203F-4B39-80CF-32FC512E71F0}"
EndProject
Project("{9A19103F-16F7-4668-BE54-9A1E7A4F7556}") = "WebAPI", "WebAPI\WebAPI.csproj", "{22F4790F-EEA0-4D33-A9A5-0F0256851DF8}"
EndProject
Project("{2150E333-8FDC-42A3-9474-1A3956D46DE8}") = "Core", "Core", "{8C70849B-4FC1-4E90-90BC-83B5941DC6FA}"
EndProject
Project("{2150E333-8FDC-42A3-9474-1A3956D46DE8}") = "Infrastructure", "Infrastructure", "{9EF7AC17-9068-4C5C-97D8-E1B162FA76E8}"
EndProject
Project("{2150E333-8FDC-42A3-9474-1A3956D46DE8}") = "Presentation", "Presentation", "{E5C86D62-FBB6-4C2C-8976-BFFAC6B6794C}"
EndProject
Project("{2150E333-8FDC-42A3-9474-1A3956D46DE8}") = "Helper", "Helper", "{3B176DB8-6A7B-49F3-834E-D004A8E5F185}"
EndProject
Project("{9A19103F-16F7-4668-BE54-9A1E7A4F7556}") = "Domain", "Domain\Domain.csproj", "{9535BBB6-4EA3-4FEB-BB93-A50E623BB025}"
EndProject
Project("{9A19103F-16F7-4668-BE54-9A1E7A4F7556}") = "Application", "Application\Application.csproj", "{56500694-7B5B-4FA0-8340-FA85C06CD5E8}"
EndProject
Project("{9A19103F-16F7-4668-BE54-9A1E7A4F7556}") = "Persistence", "Persistence\Persistence.csproj", "{A4A12C61-8CF6-4829-AEAB-C20A8FD398F3}"
EndProject
Project("{9A19103F-16F7-4668-BE54-9A1E7A4F7556}") = "Identity", "Identity\Identity.csproj", "{35F51D6A-640B-4F6C-90CD-038B0A9FA117}"
EndProject
Project("{9A19103F-16F7-4668-BE54-9A1E7A4F7556}") = "Shared", "Shared\Shared.csproj", "{AA3C2103-B009-4945-9940-4CA700016B7D}"
EndProject
Project("{2150E333-8FDC-42A3-9474-1A3956D46DE8}") = "UI - Blazor", "UI - Blazor", "{1E93B4CA-C861-4D61-B5B4-8861B6968199}"
EndProject
Global
	GlobalSection(SolutionConfigurationPlatforms) = preSolution
		Debug|Any CPU = Debug|Any CPU
		Release|Any CPU = Release|Any CPU
	EndGlobalSection
	GlobalSection(ProjectConfigurationPlatforms) = postSolution
		{A0DD419E-203F-4B39-80CF-32FC512E71F0}.Debug|Any CPU.ActiveCfg = Debug|Any CPU
		{A0DD419E-203F-4B39-80CF-32FC512E71F0}.Debug|Any CPU.Build.0 = Debug|Any CPU
		{A0DD419E-203F-4B39-80CF-32FC512E71F0}.Release|Any CPU.ActiveCfg = Release|Any CPU
		{A0DD419E-203F-4B39-80CF-32FC512E71F0}.Release|Any CPU.Build.0 = Release|Any CPU
		{22F4790F-EEA0-4D33-A9A5-0F0256851DF8}.Debug|Any CPU.ActiveCfg = Debug|Any CPU
		{22F4790F-EEA0-4D33-A9A5-0F0256851DF8}.Debug|Any CPU.Build.0 = Debug|Any CPU
		{22F4790F-EEA0-4D33-A9A5-0F0256851DF8}.Release|Any CPU.ActiveCfg = Release|Any CPU
		{22F4790F-EEA0-4D33-A9A5-0F0256851DF8}.Release|Any CPU.Build.0 = Release|Any CPU
		{9535BBB6-4EA3-4FEB-BB93-A50E623BB025}.Debug|Any CPU.ActiveCfg = Debug|Any CPU
		{9535BBB6-4EA3-4FEB-BB93-A50E623BB025}.Debug|Any CPU.Build.0 = Debug|Any CPU
		{9535BBB6-4EA3-4FEB-BB93-A50E623BB025}.Release|Any CPU.ActiveCfg = Release|Any CPU
		{9535BBB6-4EA3-4FEB-BB93-A50E623BB025}.Release|Any CPU.Build.0 = Release|Any CPU
		{56500694-7B5B-4FA0-8340-FA85C06CD5E8}.Debug|Any CPU.ActiveCfg = Debug|Any CPU
		{56500694-7B5B-4FA0-8340-FA85C06CD5E8}.Debug|Any CPU.Build.0 = Debug|Any CPU
		{56500694-7B5B-4FA0-8340-FA85C06CD5E8}.Release|Any CPU.ActiveCfg = Release|Any CPU
		{56500694-7B5B-4FA0-8340-FA85C06CD5E8}.Release|Any CPU.Build.0 = Release|Any CPU
		{A4A12C61-8CF6-4829-AEAB-C20A8FD398F3}.Debug|Any CPU.ActiveCfg = Debug|Any CPU
		{A4A12C61-8CF6-4829-AEAB-C20A8FD398F3}.Debug|Any CPU.Build.0 = Debug|Any CPU
		{A4A12C61-8CF6-4829-AEAB-C20A8FD398F3}.Release|Any CPU.ActiveCfg = Release|Any CPU
		{A4A12C61-8CF6-4829-AEAB-C20A8FD398F3}.Release|Any CPU.Build.0 = Release|Any CPU
		{35F51D6A-640B-4F6C-90CD-038B0A9FA117}.Debug|Any CPU.ActiveCfg = Debug|Any CPU
		{35F51D6A-640B-4F6C-90CD-038B0A9FA117}.Debug|Any CPU.Build.0 = Debug|Any CPU
		{35F51D6A-640B-4F6C-90CD-038B0A9FA117}.Release|Any CPU.ActiveCfg = Release|Any CPU
		{35F51D6A-640B-4F6C-90CD-038B0A9FA117}.Release|Any CPU.Build.0 = Release|Any CPU
		{AA3C2103-B009-4945-9940-4CA700016B7D}.Debug|Any CPU.ActiveCfg = Debug|Any CPU
		{AA3C2103-B009-4945-9940-4CA700016B7D}.Debug|Any CPU.Build.0 = Debug|Any CPU
		{AA3C2103-B009-4945-9940-4CA700016B7D}.Release|Any CPU.ActiveCfg = Release|Any CPU
		{AA3C2103-B009-4945-9940-4CA700016B7D}.Release|Any CPU.Build.0 = Release|Any CPU
	EndGlobalSection
	GlobalSection(SolutionProperties) = preSolution
		HideSolutionNode = FALSE
	EndGlobalSection
	GlobalSection(NestedProjects) = preSolution
		{A0DD419E-203F-4B39-80CF-32FC512E71F0} = {1E93B4CA-C861-4D61-B5B4-8861B6968199}
		{22F4790F-EEA0-4D33-A9A5-0F0256851DF8} = {E5C86D62-FBB6-4C2C-8976-BFFAC6B6794C}
		{9535BBB6-4EA3-4FEB-BB93-A50E623BB025} = {8C70849B-4FC1-4E90-90BC-83B5941DC6FA}
		{56500694-7B5B-4FA0-8340-FA85C06CD5E8} = {8C70849B-4FC1-4E90-90BC-83B5941DC6FA}
		{A4A12C61-8CF6-4829-AEAB-C20A8FD398F3} = {9EF7AC17-9068-4C5C-97D8-E1B162FA76E8}
		{35F51D6A-640B-4F6C-90CD-038B0A9FA117} = {9EF7AC17-9068-4C5C-97D8-E1B162FA76E8}
		{AA3C2103-B009-4945-9940-4CA700016B7D} = {9EF7AC17-9068-4C5C-97D8-E1B162FA76E8}
	EndGlobalSection
	GlobalSection(ExtensibilityGlobals) = postSolution
		SolutionGuid = {DD7B0728-D134-4356-B29F-6894572D736D}
	EndGlobalSection
EndGlobal
